
Microsoft Visual Studio Solution File, Format Version 12.00
# Visual Studio Version 17
VisualStudioVersion = 17.3.32825.248
MinimumVisualStudioVersion = 10.0.40219.1
Project("{FAE04EC0-301F-11D3-BF4B-00C04F79EFBC}") = "OefeningPersonEncapsulation", "OefeningPersonEncapsulation\OefeningPersonEncapsulation.csproj", "{11AD3457-511E-4EFD-95A1-CF02368D0C17}"
EndProject
Global
	GlobalSection(SolutionConfigurationPlatforms) = preSolution
		Debug|Any CPU = Debug|Any CPU
		Release|Any CPU = Release|Any CPU
	EndGlobalSection
	GlobalSection(ProjectConfigurationPlatforms) = postSolution
		{11AD3457-511E-4EFD-95A1-CF02368D0C17}.Debug|Any CPU.ActiveCfg = Debug|Any CPU
		{11AD3457-511E-4EFD-95A1-CF02368D0C17}.Debug|Any CPU.Build.0 = Debug|Any CPU
		{11AD3457-511E-4EFD-95A1-CF02368D0C17}.Release|Any CPU.ActiveCfg = Release|Any CPU
		{11AD3457-511E-4EFD-95A1-CF02368D0C17}.Release|Any CPU.Build.0 = Release|Any CPU
	EndGlobalSection
	GlobalSection(SolutionProperties) = preSolution
		HideSolutionNode = FALSE
	EndGlobalSection
	GlobalSection(ExtensibilityGlobals) = postSolution
		SolutionGuid = {BF225AAB-3594-4A29-AC1A-D92A272B49D9}
	EndGlobalSection
EndGlobal
