
Microsoft Visual Studio Solution File, Format Version 12.00
# Visual Studio Version 17
VisualStudioVersion = 17.3.32929.385
MinimumVisualStudioVersion = 10.0.40219.1
Project("{FAE04EC0-301F-11D3-BF4B-00C04F79EFBC}") = "StarTrekApi", "StarTrekApi\StarTrekApi.csproj", "{A3EACA7B-5530-4AD8-B623-E593BEDA224B}"
EndProject
Global
	GlobalSection(SolutionConfigurationPlatforms) = preSolution
		Debug|Any CPU = Debug|Any CPU
		Release|Any CPU = Release|Any CPU
	EndGlobalSection
	GlobalSection(ProjectConfigurationPlatforms) = postSolution
		{A3EACA7B-5530-4AD8-B623-E593BEDA224B}.Debug|Any CPU.ActiveCfg = Debug|Any CPU
		{A3EACA7B-5530-4AD8-B623-E593BEDA224B}.Debug|Any CPU.Build.0 = Debug|Any CPU
		{A3EACA7B-5530-4AD8-B623-E593BEDA224B}.Release|Any CPU.ActiveCfg = Release|Any CPU
		{A3EACA7B-5530-4AD8-B623-E593BEDA224B}.Release|Any CPU.Build.0 = Release|Any CPU
	EndGlobalSection
	GlobalSection(SolutionProperties) = preSolution
		HideSolutionNode = FALSE
	EndGlobalSection
	GlobalSection(ExtensibilityGlobals) = postSolution
		SolutionGuid = {92BD9C8B-CD98-48C3-8BDA-55FE49D2ED28}
	EndGlobalSection
EndGlobal
