
Microsoft Visual Studio Solution File, Format Version 12.00
# Visual Studio Version 17
VisualStudioVersion = 17.3.32929.385
MinimumVisualStudioVersion = 10.0.40219.1
Project("{FAE04EC0-301F-11D3-BF4B-00C04F79EFBC}") = "AuthServer", "AuthServer\AuthServer.csproj", "{C86E4EB3-72B8-4903-8EBE-FAF4E860032B}"
EndProject
Project("{FAE04EC0-301F-11D3-BF4B-00C04F79EFBC}") = "SmallApi", "SmallApi\SmallApi.csproj", "{D10AD741-FB27-46BC-9AD3-3F57C025741C}"
EndProject
Global
	GlobalSection(SolutionConfigurationPlatforms) = preSolution
		Debug|Any CPU = Debug|Any CPU
		Release|Any CPU = Release|Any CPU
	EndGlobalSection
	GlobalSection(ProjectConfigurationPlatforms) = postSolution
		{C86E4EB3-72B8-4903-8EBE-FAF4E860032B}.Debug|Any CPU.ActiveCfg = Debug|Any CPU
		{C86E4EB3-72B8-4903-8EBE-FAF4E860032B}.Debug|Any CPU.Build.0 = Debug|Any CPU
		{C86E4EB3-72B8-4903-8EBE-FAF4E860032B}.Release|Any CPU.ActiveCfg = Release|Any CPU
		{C86E4EB3-72B8-4903-8EBE-FAF4E860032B}.Release|Any CPU.Build.0 = Release|Any CPU
		{D10AD741-FB27-46BC-9AD3-3F57C025741C}.Debug|Any CPU.ActiveCfg = Debug|Any CPU
		{D10AD741-FB27-46BC-9AD3-3F57C025741C}.Debug|Any CPU.Build.0 = Debug|Any CPU
		{D10AD741-FB27-46BC-9AD3-3F57C025741C}.Release|Any CPU.ActiveCfg = Release|Any CPU
		{D10AD741-FB27-46BC-9AD3-3F57C025741C}.Release|Any CPU.Build.0 = Release|Any CPU
	EndGlobalSection
	GlobalSection(SolutionProperties) = preSolution
		HideSolutionNode = FALSE
	EndGlobalSection
	GlobalSection(ExtensibilityGlobals) = postSolution
		SolutionGuid = {A221B930-EA03-4722-924F-99FB3D8D7533}
	EndGlobalSection
EndGlobal
